
Microsoft Visual Studio Solution File, Format Version 12.00
# Visual Studio Version 17
VisualStudioVersion = 17.1.32407.343
MinimumVisualStudioVersion = 10.0.40219.1
Project("{9A19103F-16F7-4668-BE54-9A1E7A4F7556}") = "ShippingService", "ShippingService\ShippingService.csproj", "{F584066B-8E62-4E07-A268-733735C71A3D}"
EndProject
Project("{FAE04EC0-301F-11D3-BF4B-00C04F79EFBC}") = "ShippingService.Tests", "ShippingService.Tests\ShippingService.Tests.csproj", "{9A89A65A-DB6E-402F-B970-7E5ABE1252E8}"
EndProject
Global
	GlobalSection(SolutionConfigurationPlatforms) = preSolution
		Debug|Any CPU = Debug|Any CPU
		Release|Any CPU = Release|Any CPU
	EndGlobalSection
	GlobalSection(ProjectConfigurationPlatforms) = postSolution
		{F584066B-8E62-4E07-A268-733735C71A3D}.Debug|Any CPU.ActiveCfg = Debug|Any CPU
		{F584066B-8E62-4E07-A268-733735C71A3D}.Debug|Any CPU.Build.0 = Debug|Any CPU
		{F584066B-8E62-4E07-A268-733735C71A3D}.Release|Any CPU.ActiveCfg = Release|Any CPU
		{F584066B-8E62-4E07-A268-733735C71A3D}.Release|Any CPU.Build.0 = Release|Any CPU
		{9A89A65A-DB6E-402F-B970-7E5ABE1252E8}.Debug|Any CPU.ActiveCfg = Debug|Any CPU
		{9A89A65A-DB6E-402F-B970-7E5ABE1252E8}.Debug|Any CPU.Build.0 = Debug|Any CPU
		{9A89A65A-DB6E-402F-B970-7E5ABE1252E8}.Release|Any CPU.ActiveCfg = Release|Any CPU
		{9A89A65A-DB6E-402F-B970-7E5ABE1252E8}.Release|Any CPU.Build.0 = Release|Any CPU
	EndGlobalSection
	GlobalSection(SolutionProperties) = preSolution
		HideSolutionNode = FALSE
	EndGlobalSection
	GlobalSection(ExtensibilityGlobals) = postSolution
		SolutionGuid = {865E4F1F-DD03-4D4B-895E-806756D0CEF8}
	EndGlobalSection
EndGlobal
